// !$*UTF8*$!
{
	archiveVersion = 1;
	classes = {
	};
	objectVersion = 46;
	objects = {

/* Begin PBXBuildFile section */
		FDB19B381EA3C09B00D28DDF /* AppDelegate.swift in Sources */ = {isa = PBXBuildFile; fileRef = FDB19B371EA3C09B00D28DDF /* AppDelegate.swift */; };
		FDB19B3A1EA3C09B00D28DDF /* ViewController.swift in Sources */ = {isa = PBXBuildFile; fileRef = FDB19B391EA3C09B00D28DDF /* ViewController.swift */; };
		FDB19B3D1EA3C09B00D28DDF /* Main.storyboard in Resources */ = {isa = PBXBuildFile; fileRef = FDB19B3B1EA3C09B00D28DDF /* Main.storyboard */; };
		FDB19B3F1EA3C09B00D28DDF /* Assets.xcassets in Resources */ = {isa = PBXBuildFile; fileRef = FDB19B3E1EA3C09B00D28DDF /* Assets.xcassets */; };
		FDB19B421EA3C09B00D28DDF /* LaunchScreen.storyboard in Resources */ = {isa = PBXBuildFile; fileRef = FDB19B401EA3C09B00D28DDF /* LaunchScreen.storyboard */; };
/* End PBXBuildFile section */

/* Begin PBXFileReference section */
		FDB19B341EA3C09B00D28DDF /* Change app icon.app */ = {isa = PBXFileReference; explicitFileType = wrapper.application; includeInIndex = 0; path = "Change app icon.app"; sourceTree = BUILT_PRODUCTS_DIR; };
		FDB19B371EA3C09B00D28DDF /* AppDelegate.swift */ = {isa = PBXFileReference; lastKnownFileType = sourcecode.swift; path = AppDelegate.swift; sourceTree = "<group>"; };
		FDB19B391EA3C09B00D28DDF /* ViewController.swift */ = {isa = PBXFileReference; lastKnownFileType = sourcecode.swift; path = ViewController.swift; sourceTree = "<group>"; };
		FDB19B3C1EA3C09B00D28DDF /* Base */ = {isa = PBXFileReference; lastKnownFileType = file.storyboard; name = Base; path = Base.lproj/Main.storyboard; sourceTree = "<group>"; };
		FDB19B3E1EA3C09B00D28DDF /* Assets.xcassets */ = {isa = PBXFileReference; lastKnownFileType = folder.assetcatalog; path = Assets.xcassets; sourceTree = "<group>"; };
		FDB19B411EA3C09B00D28DDF /* Base */ = {isa = PBXFileReference; lastKnownFileType = file.storyboard; name = Base; path = Base.lproj/LaunchScreen.storyboard; sourceTree = "<group>"; };
		FDB19B431EA3C09B00D28DDF /* Info.plist */ = {isa = PBXFileReference; lastKnownFileType = text.plist.xml; path = Info.plist; sourceTree = "<group>"; };
/* End PBXFileReference section */

/* Begin PBXFrameworksBuildPhase section */
		FDB19B311EA3C09B00D28DDF /* Frameworks */ = {
			isa = PBXFrameworksBuildPhase;
			buildActionMask = 2147483647;
			files = (
			);
			runOnlyForDeploymentPostprocessing = 0;
		};
/* End PBXFrameworksBuildPhase section */

/* Begin PBXGroup section */
		FDB19B2B1EA3C09B00D28DDF = {
			isa = PBXGroup;
			children = (
				FDB19B361EA3C09B00D28DDF /* Change app icon */,
				FDB19B351EA3C09B00D28DDF /* Products */,
			);
			sourceTree = "<group>";
		};
		FDB19B351EA3C09B00D28DDF /* Products */ = {
			isa = PBXGroup;
			children = (
				FDB19B341EA3C09B00D28DDF /* Change app icon.app */,
			);
			name = Products;
			sourceTree = "<group>";
		};
		FDB19B361EA3C09B00D28DDF /* Change app icon */ = {
			isa = PBXGroup;
			children = (
				FDB19B371EA3C09B00D28DDF /* AppDelegate.swift */,
				FDB19B391EA3C09B00D28DDF /* ViewController.swift */,
				FDB19B3B1EA3C09B00D28DDF /* Main.storyboard */,
				FDB19B3E1EA3C09B00D28DDF /* Assets.xcassets */,
				FDB19B401EA3C09B00D28DDF /* LaunchScreen.storyboard */,
				FDB19B431EA3C09B00D28DDF /* Info.plist */,
			);
			path = "Change app icon";
			sourceTree = "<group>";
		};
/* End PBXGroup section */

/* Begin PBXNativeTarget section */
		FDB19B331EA3C09B00D28DDF /* Change app icon */ = {
			isa = PBXNativeTarget;
			buildConfigurationList = FDB19B461EA3C09B00D28DDF /* Build configuration list for PBXNativeTarget "Change app icon" */;
			buildPhases = (
				FDB19B301EA3C09B00D28DDF /* Sources */,
				FDB19B311EA3C09B00D28DDF /* Frameworks */,
				FDB19B321EA3C09B00D28DDF /* Resources */,
			);
			buildRules = (
			);
			dependencies = (
			);
			name = "Change app icon";
			productName = "Change app icon";
			productReference = FDB19B341EA3C09B00D28DDF /* Change app icon.app */;
			productType = "com.apple.product-type.application";
		};
/* End PBXNativeTarget section */

/* Begin PBXProject section */
		FDB19B2C1EA3C09B00D28DDF /* Project object */ = {
			isa = PBXProject;
			attributes = {
				LastSwiftUpdateCheck = 0830;
				LastUpgradeCheck = 0830;
				ORGANIZATIONNAME = "Basil Baragabah";
				TargetAttributes = {
					FDB19B331EA3C09B00D28DDF = {
						CreatedOnToolsVersion = 8.3.1;
						DevelopmentTeam = CP92CMD5E4;
						ProvisioningStyle = Automatic;
					};
				};
			};
			buildConfigurationList = FDB19B2F1EA3C09B00D28DDF /* Build configuration list for PBXProject "Change app icon" */;
			compatibilityVersion = "Xcode 3.2";
			developmentRegion = English;
			hasScannedForEncodings = 0;
			knownRegions = (
				en,
				Base,
			);
			mainGroup = FDB19B2B1EA3C09B00D28DDF;
			productRefGroup = FDB19B351EA3C09B00D28DDF /* Products */;
			projectDirPath = "";
			projectRoot = "";
			targets = (
				FDB19B331EA3C09B00D28DDF /* Change app icon */,
			);
		};
/* End PBXProject section */

/* Begin PBXResourcesBuildPhase section */
		FDB19B321EA3C09B00D28DDF /* Resources */ = {
			isa = PBXResourcesBuildPhase;
			buildActionMask = 2147483647;
			files = (
				FDB19B421EA3C09B00D28DDF /* LaunchScreen.storyboard in Resources */,
				FDB19B3F1EA3C09B00D28DDF /* Assets.xcassets in Resources */,
				FDB19B3D1EA3C09B00D28DDF /* Main.storyboard in Resources */,
			);
			runOnlyForDeploymentPostprocessing = 0;
		};
/* End PBXResourcesBuildPhase section */

/* Begin PBXSourcesBuildPhase section */
		FDB19B301EA3C09B00D28DDF /* Sources */ = {
			isa = PBXSourcesBuildPhase;
			buildActionMask = 2147483647;
			files = (
				FDB19B3A1EA3C09B00D28DDF /* ViewController.swift in Sources */,
				FDB19B381EA3C09B00D28DDF /* AppDelegate.swift in Sources */,
			);
			runOnlyForDeploymentPostprocessing = 0;
		};
/* End PBXSourcesBuildPhase section */

/* Begin PBXVariantGroup section */
		FDB19B3B1EA3C09B00D28DDF /* Main.storyboard */ = {
			isa = PBXVariantGroup;
			children = (
				FDB19B3C1EA3C09B00D28DDF /* Base */,
			);
			name = Main.storyboard;
			sourceTree = "<group>";
		};
		FDB19B401EA3C09B00D28DDF /* LaunchScreen.storyboard */ = {
			isa = PBXVariantGroup;
			children = (
				FDB19B411EA3C09B00D28DDF /* Base */,
			);
			name = LaunchScreen.storyboard;
			sourceTree = "<group>";
		};
/* End PBXVariantGroup section */

/* Begin XCBuildConfiguration section */
		FDB19B441EA3C09B00D28DDF /* Debug */ = {
			isa = XCBuildConfiguration;
			buildSettings = {
				ALWAYS_SEARCH_USER_PATHS = NO;
				CLANG_ANALYZER_NONNULL = YES;
				CLANG_ANALYZER_NUMBER_OBJECT_CONVERSION = YES_AGGRESSIVE;
				CLANG_CXX_LANGUAGE_STANDARD = "gnu++0x";
				CLANG_CXX_LIBRARY = "libc++";
				CLANG_ENABLE_MODULES = YES;
				CLANG_ENABLE_OBJC_ARC = YES;
				CLANG_WARN_BOOL_CONVERSION = YES;
				CLANG_WARN_CONSTANT_CONVERSION = YES;
				CLANG_WARN_DIRECT_OBJC_ISA_USAGE = YES_ERROR;
				CLANG_WARN_DOCUMENTATION_COMMENTS = YES;
				CLANG_WARN_EMPTY_BODY = YES;
				CLANG_WARN_ENUM_CONVERSION = YES;
				CLANG_WARN_INFINITE_RECURSION = YES;
				CLANG_WARN_INT_CONVERSION = YES;
				CLANG_WARN_OBJC_ROOT_CLASS = YES_ERROR;
				CLANG_WARN_SUSPICIOUS_MOVE = YES;
				CLANG_WARN_UNREACHABLE_CODE = YES;
				CLANG_WARN__DUPLICATE_METHOD_MATCH = YES;
				"CODE_SIGN_IDENTITY[sdk=iphoneos*]" = "iPhone Developer";
				COPY_PHASE_STRIP = NO;
				DEBUG_INFORMATION_FORMAT = dwarf;
				ENABLE_STRICT_OBJC_MSGSEND = YES;
				ENABLE_TESTABILITY = YES;
				GCC_C_LANGUAGE_STANDARD = gnu99;
				GCC_DYNAMIC_NO_PIC = NO;
				GCC_NO_COMMON_BLOCKS = YES;
				GCC_OPTIMIZATION_LEVEL = 0;
				GCC_PREPROCESSOR_DEFINITIONS = (
					"DEBUG=1",
					"$(inherited)",
				);
				GCC_WARN_64_TO_32_BIT_CONVERSION = YES;
				GCC_WARN_ABOUT_RETURN_TYPE = YES_ERROR;
				GCC_WARN_UNDECLARED_SELECTOR = YES;
				GCC_WARN_UNINITIALIZED_AUTOS = YES_AGGRESSIVE;
				GCC_WARN_UNUSED_FUNCTION = YES;
				GCC_WARN_UNUSED_VARIABLE = YES;
				IPHONEOS_DEPLOYMENT_TARGET = 10.3;
				MTL_ENABLE_DEBUG_INFO = YES;
				ONLY_ACTIVE_ARCH = YES;
				SDKROOT = iphoneos;
				SWIFT_ACTIVE_COMPILATION_CONDITIONS = DEBUG;
				SWIFT_OPTIMIZATION_LEVEL = "-Onone";
			};
			name = Debug;
		};
		FDB19B451EA3C09B00D28DDF /* Release */ = {
			isa = XCBuildConfiguration;
			buildSettings = {
				ALWAYS_SEARCH_USER_PATHS = NO;
				CLANG_ANALYZER_NONNULL = YES;
				CLANG_ANALYZER_NUMBER_OBJECT_CONVERSION = YES_AGGRESSIVE;
				CLANG_CXX_LANGUAGE_STANDARD = "gnu++0x";
				CLANG_CXX_LIBRARY = "libc++";
				CLANG_ENABLE_MODULES = YES;
				CLANG_ENABLE_OBJC_ARC = YES;
				CLANG_WARN_BOOL_CONVERSION = YES;
				CLANG_WARN_CONSTANT_CONVERSION = YES;
				CLANG_WARN_DIRECT_OBJC_ISA_USAGE = YES_ERROR;
				CLANG_WARN_DOCUMENTATION_COMMENTS = YES;
				CLANG_WARN_EMPTY_BODY = YES;
				CLANG_WARN_ENUM_CONVERSION = YES;
				CLANG_WARN_INFINITE_RECURSION = YES;
				CLANG_WARN_INT_CONVERSION = YES;
				CLANG_WARN_OBJC_ROOT_CLASS = YES_ERROR;
				CLANG_WARN_SUSPICIOUS_MOVE = YES;
				CLANG_WARN_UNREACHABLE_CODE = YES;
				CLANG_WARN__DUPLICATE_METHOD_MATCH = YES;
				"CODE_SIGN_IDENTITY[sdk=iphoneos*]" = "iPhone Developer";
				COPY_PHASE_STRIP = NO;
				DEBUG_INFORMATION_FORMAT = "dwarf-with-dsym";
				ENABLE_NS_ASSERTIONS = NO;
				ENABLE_STRICT_OBJC_MSGSEND = YES;
				GCC_C_LANGUAGE_STANDARD = gnu99;
				GCC_NO_COMMON_BLOCKS = YES;
				GCC_WARN_64_TO_32_BIT_CONVERSION = YES;
				GCC_WARN_ABOUT_RETURN_TYPE = YES_ERROR;
				GCC_WARN_UNDECLARED_SELECTOR = YES;
				GCC_WARN_UNINITIALIZED_AUTOS = YES_AGGRESSIVE;
				GCC_WARN_UNUSED_FUNCTION = YES;
				GCC_WARN_UNUSED_VARIABLE = YES;
				IPHONEOS_DEPLOYMENT_TARGET = 10.3;
				MTL_ENABLE_DEBUG_INFO = NO;
				SDKROOT = iphoneos;
				SWIFT_OPTIMIZATION_LEVEL = "-Owholemodule";
				VALIDATE_PRODUCT = YES;
			};
			name = Release;
		};
		FDB19B471EA3C09B00D28DDF /* Debug */ = {
			isa = XCBuildConfiguration;
			buildSettings = {
				ASSETCATALOG_COMPILER_APPICON_NAME = AppIcon;
				DEVELOPMENT_TEAM = CP92CMD5E4;
				INFOPLIST_FILE = "Change app icon/Info.plist";
				LD_RUNPATH_SEARCH_PATHS = "$(inherited) @executable_path/Frameworks";
				PRODUCT_BUNDLE_IDENTIFIER = "com.Basil.Baragabah.Change-app-icon";
				PRODUCT_NAME = "$(TARGET_NAME)";
				SWIFT_VERSION = 3.0;
			};
			name = Debug;
		};
		FDB19B481EA3C09B00D28DDF /* Release */ = {
			isa = XCBuildConfiguration;
			buildSettings = {
				ASSETCATALOG_COMPILER_APPICON_NAME = AppIcon;
				DEVELOPMENT_TEAM = CP92CMD5E4;
				INFOPLIST_FILE = "Change app icon/Info.plist";
				LD_RUNPATH_SEARCH_PATHS = "$(inherited) @executable_path/Frameworks";
				PRODUCT_BUNDLE_IDENTIFIER = "com.Basil.Baragabah.Change-app-icon";
				PRODUCT_NAME = "$(TARGET_NAME)";
				SWIFT_VERSION = 3.0;
			};
			name = Release;
		};
/* End XCBuildConfiguration section */

/* Begin XCConfigurationList section */
		FDB19B2F1EA3C09B00D28DDF /* Build configuration list for PBXProject "Change app icon" */ = {
			isa = XCConfigurationList;
			buildConfigurations = (
				FDB19B441EA3C09B00D28DDF /* Debug */,
				FDB19B451EA3C09B00D28DDF /* Release */,
			);
			defaultConfigurationIsVisible = 0;
			defaultConfigurationName = Release;
		};
		FDB19B461EA3C09B00D28DDF /* Build configuration list for PBXNativeTarget "Change app icon" */ = {
			isa = XCConfigurationList;
			buildConfigurations = (
				FDB19B471EA3C09B00D28DDF /* Debug */,
				FDB19B481EA3C09B00D28DDF /* Release */,
			);
			defaultConfigurationIsVisible = 0;
		};
/* End XCConfigurationList section */
	};
	rootObject = FDB19B2C1EA3C09B00D28DDF /* Project object */;
}
